<?xml version="1.0" encoding="utf-8"?>
<Project ToolsVersion="4.0" xmlns="http://schemas.microsoft.com/developer/msbuild/2003">
  <ItemGroup>
    <Filter Include="Source Files">
      <UniqueIdentifier>{4FC737F1-C7A5-4376-A066-2A32D752A2FF}</UniqueIdentifier>
      <Extensions>cpp;c;cc;cxx;c++;cppm;ixx;def;odl;idl;hpj;bat;asm;asmx</Extensions>
    </Filter>
    <Filter Include="Header Files">
      <UniqueIdentifier>{93995380-89BD-4b04-88EB-625FBE52EBFB}</UniqueIdentifier>
      <Extensions>h;hh;hpp;hxx;h++;hm;inl;inc;ipp;xsd</Extensions>
    </Filter>
    <Filter Include="Resource Files">
      <UniqueIdentifier>{67DA6AB6-F800-4c08-8B7A-83BB121AAD01}</UniqueIdentifier>
      <Extensions>rc;ico;cur;bmp;dlg;rc2;rct;bin;rgs;gif;jpg;jpeg;jpe;resx;tiff;tif;png;wav;mfcribbon-ms</Extensions>
    </Filter>
  </ItemGroup>
  <ItemGroup>
    <ClCompile Include="Practice.cpp">
      <Filter>Source Files</Filter>
    </ClCompile>
    <ClCompile Include="TcpServer.cpp">
      <Filter>Header Files</Filter>
    </ClCompile>
    <ClCompile Include="cisco.cpp">
      <Filter>Source Files</Filter>
    </ClCompile>
  </ItemGroup>
  <ItemGroup>
    <ClInclude Include="BinarySearch.h">
      <Filter>Header Files</Filter>
    </ClInclude>
    <ClInclude Include="timeit.h">
      <Filter>Header Files</Filter>
    </ClInclude>
    <ClInclude Include="Solution.h">
      <Filter>Header Files</Filter>
    </ClInclude>
    <ClInclude Include="ReverseLinkedList.h">
      <Filter>Header Files</Filter>
    </ClInclude>
    <ClInclude Include="LenghtOfLastWord.h">
      <Filter>Header Files</Filter>
    </ClInclude>
    <ClInclude Include="ValidAnagram.h">
      <Filter>Header Files</Filter>
    </ClInclude>
    <ClInclude Include="PalindromeNumber.h">
      <Filter>Header Files</Filter>
    </ClInclude>
    <ClInclude Include="ValidWordAbbreviation.h">
      <Filter>Header Files</Filter>
    </ClInclude>
    <ClInclude Include="ValidPalindromeII.h">
      <Filter>Header Files</Filter>
    </ClInclude>
    <ClInclude Include="MovingAverage.h">
      <Filter>Header Files</Filter>
    </ClInclude>
    <ClInclude Include="DiameterOfBinaryTree.h">
      <Filter>Header Files</Filter>
    </ClInclude>
    <ClInclude Include="Toeplitz.h">
      <Filter>Header Files</Filter>
    </ClInclude>
    <ClInclude Include="MinRemoveValidParenthesis.h">
      <Filter>Header Files</Filter>
    </ClInclude>
    <ClInclude Include="BinaryTreeVerticalOrderTransversal.h">
      <Filter>Header Files</Filter>
    </ClInclude>
    <ClInclude Include="NestedListWeightSum.h">
      <Filter>Header Files</Filter>
    </ClInclude>
    <ClInclude Include="LowestCommonAncestorBinaryTreeIII.h">
      <Filter>Header Files</Filter>
    </ClInclude>
    <ClInclude Include="MinWindowSubstring.h">
      <Filter>Header Files</Filter>
    </ClInclude>
    <ClInclude Include="QuestionMarks.h">
      <Filter>Header Files</Filter>
    </ClInclude>
    <ClInclude Include="Auros.h">
      <Filter>Header Files</Filter>
    </ClInclude>
    <ClInclude Include="FindParenthesis.h">
      <Filter>Header Files</Filter>
    </ClInclude>
    <ClInclude Include="MergeSortedArray.h">
      <Filter>Header Files</Filter>
    </ClInclude>
    <ClInclude Include="MoveZeroes.h">
      <Filter>Header Files</Filter>
    </ClInclude>
    <ClInclude Include="RangeSumOfBST.h">
      <Filter>Header Files</Filter>
    </ClInclude>
    <ClInclude Include="arrayStringsAreEqual.h">
      <Filter>Header Files</Filter>
    </ClInclude>
    <ClInclude Include="findinter.h">
      <Filter>Header Files</Filter>
    </ClInclude>
    <ClInclude Include="DotProductTwoSparseVector.h">
      <Filter>Header Files</Filter>
    </ClInclude>
    <ClInclude Include="RandomPickWithWeight.h">
      <Filter>Header Files</Filter>
    </ClInclude>
    <ClInclude Include="BasicCalculatorII.h">
      <Filter>Header Files</Filter>
    </ClInclude>
    <ClInclude Include="BuildingsWithAnOceanView.h">
      <Filter>Header Files</Filter>
    </ClInclude>
    <ClInclude Include="KthLargestElement.h">
      <Filter>Header Files</Filter>
    </ClInclude>
    <ClInclude Include="SimplifyPath.h">
      <Filter>Header Files</Filter>
    </ClInclude>
    <ClInclude Include="ConvertBSTtoDoubleLinkedList.h">
      <Filter>Header Files</Filter>
    </ClInclude>
    <ClInclude Include="NumberOfIslands.h">
      <Filter>Header Files</Filter>
    </ClInclude>
    <ClInclude Include="MinimumAddParenthesisValid.h">
      <Filter>Header Files</Filter>
    </ClInclude>
    <ClInclude Include="LowestCommonAncestorBinaryTreeI.h">
      <Filter>Header Files</Filter>
    </ClInclude>
    <ClInclude Include="RecursiveRabbitInterview.h">
      <Filter>Header Files</Filter>
    </ClInclude>
    <ClInclude Include="LongestIncreasingSubsequenceNLogN.h">
      <Filter>Header Files</Filter>
    </ClInclude>
    <ClInclude Include="IncreasingTripleSequence.h">
      <Filter>Header Files</Filter>
    </ClInclude>
    <ClInclude Include="MinimumAdjacentSwapsToMakleValidArray.h">
      <Filter>Header Files</Filter>
    </ClInclude>
    <ClInclude Include="AnalyzeUserWebsiteVisit.h">
      <Filter>Header Files</Filter>
    </ClInclude>
    <ClInclude Include="SumRootToLeaf.h">
      <Filter>Header Files</Filter>
    </ClInclude>
    <ClInclude Include="CustomSortString.h">
      <Filter>Header Files</Filter>
    </ClInclude>
    <ClInclude Include="InsertSortedCircularList.h">
      <Filter>Header Files</Filter>
    </ClInclude>
    <ClInclude Include="IntervalListIntersections.h">
      <Filter>Header Files</Filter>
    </ClInclude>
    <ClInclude Include="KClosestPointsToTheOrigin.h">
      <Filter>Header Files</Filter>
    </ClInclude>
    <ClInclude Include="pow.h">
      <Filter>Header Files</Filter>
    </ClInclude>
    <ClInclude Include="GroupShiftedStrings.h">
      <Filter>Header Files</Filter>
    </ClInclude>
    <ClInclude Include="MakingALargeIsland.h">
      <Filter>Header Files</Filter>
    </ClInclude>
    <ClInclude Include="ValidNumber.h">
      <Filter>Header Files</Filter>
    </ClInclude>
    <ClInclude Include="ShortestPathBinaryMatrix.h">
      <Filter>Header Files</Filter>
    </ClInclude>
    <ClInclude Include="IslandPerimeter.h">
      <Filter>Header Files</Filter>
    </ClInclude>
    <ClInclude Include="AllNodesInDistanceKInBinaryTree.h">
      <Filter>Header Files</Filter>
    </ClInclude>
    <ClInclude Include="CopyListwWithRandomPointer.h">
      <Filter>Header Files</Filter>
    </ClInclude>
    <ClInclude Include="CloneGraph.h">
      <Filter>Header Files</Filter>
    </ClInclude>
    <ClInclude Include="PopulatingNextRightPointersEachNode.h">
      <Filter>Header Files</Filter>
    </ClInclude>
    <ClInclude Include="SubarraySumEqualsK.h">
      <Filter>Header Files</Filter>
    </ClInclude>
    <ClInclude Include="FindPeakElement.h">
      <Filter>Header Files</Filter>
    </ClInclude>
    <ClInclude Include="BinaryTreeRightSideView.h">
      <Filter>Header Files</Filter>
    </ClInclude>
    <ClInclude Include="ClosesetBinarySearchTreeValue.h">
      <Filter>Header Files</Filter>
    </ClInclude>
    <ClInclude Include="NumberOfClosedIslands.h">
      <Filter>Header Files</Filter>
    </ClInclude>
    <ClInclude Include="LenghtOfLongestValidsubstring.h">
      <Filter>Header Files</Filter>
    </ClInclude>
    <ClInclude Include="MinimumNumberOfKeyPresses.h">
      <Filter>Header Files</Filter>
    </ClInclude>
    <ClInclude Include="PlatesBetweenCandles.h">
      <Filter>Header Files</Filter>
    </ClInclude>
    <ClInclude Include="LRUCache.h">
      <Filter>Header Files</Filter>
    </ClInclude>
    <ClInclude Include="ReorganizeString.h">
      <Filter>Header Files</Filter>
    </ClInclude>
    <ClInclude Include="LowestCommonAncestorBinaryTreeII.h">
      <Filter>Header Files</Filter>
    </ClInclude>
    <ClInclude Include="ExclusiveTimeOfFunctions.h">
      <Filter>Header Files</Filter>
    </ClInclude>
    <ClInclude Include="MaximumSwap.h">
      <Filter>Header Files</Filter>
    </ClInclude>
    <ClInclude Include="DiagonalTraverse.h">
      <Filter>Header Files</Filter>
    </ClInclude>
    <ClInclude Include="RandomPickIndex.h">
      <Filter>Header Files</Filter>
    </ClInclude>
    <ClInclude Include="MergeIntervals.h">
      <Filter>Header Files</Filter>
    </ClInclude>
    <ClInclude Include="TopKFrequentElements.h">
      <Filter>Header Files</Filter>
    </ClInclude>
    <ClInclude Include="NextPermutation.h">
      <Filter>Header Files</Filter>
    </ClInclude>
    <ClInclude Include="ThreeSum.h">
      <Filter>Header Files</Filter>
    </ClInclude>
    <ClInclude Include="RotateImage.h">
      <Filter>Header Files</Filter>
    </ClInclude>
    <ClInclude Include="LetterCombinationOfAPhoneNumber.h">
      <Filter>Header Files</Filter>
    </ClInclude>
    <ClInclude Include="BinaryTreeLevelOrderTransversal.h">
      <Filter>Header Files</Filter>
    </ClInclude>
    <ClInclude Include="FindKClosestElements.h">
      <Filter>Header Files</Filter>
    </ClInclude>
    <ClInclude Include="MaxConsecutiveOnesIII.h">
      <Filter>Header Files</Filter>
    </ClInclude>
    <ClInclude Include="FindMaxLenValidSubsequenceII.h">
      <Filter>Header Files</Filter>
    </ClInclude>
    <ClInclude Include="SubSets.h">
      <Filter>Header Files</Filter>
    </ClInclude>
    <ClInclude Include="Permutations.h">
      <Filter>Header Files</Filter>
    </ClInclude>
    <ClInclude Include="FindMinimumInRotatedSortedArray.h">
      <Filter>Header Files</Filter>
    </ClInclude>
    <ClInclude Include="SearchInRotatedSortedArray.h">
      <Filter>Header Files</Filter>
    </ClInclude>
    <ClInclude Include="InsertInterval.h">
      <Filter>Header Files</Filter>
    </ClInclude>
    <ClInclude Include="TwoSum.h">
      <Filter>Header Files</Filter>
    </ClInclude>
    <ClInclude Include="SubsetsII.h">
      <Filter>Header Files</Filter>
    </ClInclude>
    <ClInclude Include="ContiguousArray.h">
      <Filter>Header Files</Filter>
    </ClInclude>
    <ClInclude Include="AccountsMerge.h">
      <Filter>Header Files</Filter>
    </ClInclude>
    <ClInclude Include="FindFirstAndLastPositionOfElementInSortedArray.h">
      <Filter>Header Files</Filter>
    </ClInclude>
    <ClInclude Include="ValidPalindrome.h">
      <Filter>Header Files</Filter>
    </ClInclude>
    <ClInclude Include="ValidParenthesis.h">
      <Filter>Header Files</Filter>
    </ClInclude>
    <ClInclude Include="FourSum.h">
      <Filter>Header Files</Filter>
    </ClInclude>
    <ClInclude Include="PeekingIterator.h">
      <Filter>Header Files</Filter>
    </ClInclude>
    <ClInclude Include="WordSearch.h">
      <Filter>Header Files</Filter>
    </ClInclude>
    <ClInclude Include="TokenBucket.h">
      <Filter>Header Files</Filter>
    </ClInclude>
    <ClInclude Include="CountMinSketch.h">
      <Filter>Header Files</Filter>
    </ClInclude>
  </ItemGroup>
</Project>